
Microsoft Visual Studio Solution File, Format Version 12.00
# Visual Studio 15
VisualStudioVersion = 15.0.28307.438
MinimumVisualStudioVersion = 10.0.40219.1
Project("{FAE04EC0-301F-11D3-BF4B-00C04F79EFBC}") = "AvoidBalls", "AvoidBalls\AvoidBalls.csproj", "{B3C29BDB-7246-40F5-BC1C-6D7B50DE3B01}"
EndProject
Global
	GlobalSection(SolutionConfigurationPlatforms) = preSolution
		Debug|Any CPU = Debug|Any CPU
		Release|Any CPU = Release|Any CPU
	EndGlobalSection
	GlobalSection(ProjectConfigurationPlatforms) = postSolution
		{B3C29BDB-7246-40F5-BC1C-6D7B50DE3B01}.Debug|Any CPU.ActiveCfg = Debug|Any CPU
		{B3C29BDB-7246-40F5-BC1C-6D7B50DE3B01}.Debug|Any CPU.Build.0 = Debug|Any CPU
		{B3C29BDB-7246-40F5-BC1C-6D7B50DE3B01}.Release|Any CPU.ActiveCfg = Release|Any CPU
		{B3C29BDB-7246-40F5-BC1C-6D7B50DE3B01}.Release|Any CPU.Build.0 = Release|Any CPU
	EndGlobalSection
	GlobalSection(SolutionProperties) = preSolution
		HideSolutionNode = FALSE
	EndGlobalSection
	GlobalSection(ExtensibilityGlobals) = postSolution
		SolutionGuid = {EBB1014D-E89A-44D0-AE80-904EDB79DF0F}
	EndGlobalSection
EndGlobal
