
Microsoft Visual Studio Solution File, Format Version 12.00
# Visual Studio 15
VisualStudioVersion = 15.0.28307.438
MinimumVisualStudioVersion = 10.0.40219.1
Project("{FAE04EC0-301F-11D3-BF4B-00C04F79EFBC}") = "Lab14", "Lab14\Lab14.csproj", "{81E5A3E9-BC03-4F0B-B43E-8B7D854CB698}"
EndProject
Global
	GlobalSection(SolutionConfigurationPlatforms) = preSolution
		Debug|Any CPU = Debug|Any CPU
		Release|Any CPU = Release|Any CPU
	EndGlobalSection
	GlobalSection(ProjectConfigurationPlatforms) = postSolution
		{81E5A3E9-BC03-4F0B-B43E-8B7D854CB698}.Debug|Any CPU.ActiveCfg = Debug|Any CPU
		{81E5A3E9-BC03-4F0B-B43E-8B7D854CB698}.Debug|Any CPU.Build.0 = Debug|Any CPU
		{81E5A3E9-BC03-4F0B-B43E-8B7D854CB698}.Release|Any CPU.ActiveCfg = Release|Any CPU
		{81E5A3E9-BC03-4F0B-B43E-8B7D854CB698}.Release|Any CPU.Build.0 = Release|Any CPU
	EndGlobalSection
	GlobalSection(SolutionProperties) = preSolution
		HideSolutionNode = FALSE
	EndGlobalSection
	GlobalSection(ExtensibilityGlobals) = postSolution
		SolutionGuid = {ED276201-063C-4981-8B88-DF40CF81865A}
	EndGlobalSection
EndGlobal
