
Microsoft Visual Studio Solution File, Format Version 12.00
# Visual Studio 15
VisualStudioVersion = 15.0.28307.438
MinimumVisualStudioVersion = 10.0.40219.1
Project("{FAE04EC0-301F-11D3-BF4B-00C04F79EFBC}") = "Pravoagolnici", "Pravoagolnici\Pravoagolnici.csproj", "{C1DB22E9-9E35-493A-81FF-7AB71A9396B2}"
EndProject
Global
	GlobalSection(SolutionConfigurationPlatforms) = preSolution
		Debug|Any CPU = Debug|Any CPU
		Release|Any CPU = Release|Any CPU
	EndGlobalSection
	GlobalSection(ProjectConfigurationPlatforms) = postSolution
		{C1DB22E9-9E35-493A-81FF-7AB71A9396B2}.Debug|Any CPU.ActiveCfg = Debug|Any CPU
		{C1DB22E9-9E35-493A-81FF-7AB71A9396B2}.Debug|Any CPU.Build.0 = Debug|Any CPU
		{C1DB22E9-9E35-493A-81FF-7AB71A9396B2}.Release|Any CPU.ActiveCfg = Release|Any CPU
		{C1DB22E9-9E35-493A-81FF-7AB71A9396B2}.Release|Any CPU.Build.0 = Release|Any CPU
	EndGlobalSection
	GlobalSection(SolutionProperties) = preSolution
		HideSolutionNode = FALSE
	EndGlobalSection
	GlobalSection(ExtensibilityGlobals) = postSolution
		SolutionGuid = {9E3A9DA0-1C1A-40DA-AF56-428BDDE67E5D}
	EndGlobalSection
EndGlobal
