
Microsoft Visual Studio Solution File, Format Version 12.00
# Visual Studio 15
VisualStudioVersion = 15.0.28307.438
MinimumVisualStudioVersion = 10.0.40219.1
Project("{FAE04EC0-301F-11D3-BF4B-00C04F79EFBC}") = "PotroshuvachkaKoshnichka", "PotroshuvachkaKoshnichka\PotroshuvachkaKoshnichka.csproj", "{6ECBDF89-C0B4-43DD-AA37-B8C03BDABF50}"
EndProject
Global
	GlobalSection(SolutionConfigurationPlatforms) = preSolution
		Debug|Any CPU = Debug|Any CPU
		Release|Any CPU = Release|Any CPU
	EndGlobalSection
	GlobalSection(ProjectConfigurationPlatforms) = postSolution
		{6ECBDF89-C0B4-43DD-AA37-B8C03BDABF50}.Debug|Any CPU.ActiveCfg = Debug|Any CPU
		{6ECBDF89-C0B4-43DD-AA37-B8C03BDABF50}.Debug|Any CPU.Build.0 = Debug|Any CPU
		{6ECBDF89-C0B4-43DD-AA37-B8C03BDABF50}.Release|Any CPU.ActiveCfg = Release|Any CPU
		{6ECBDF89-C0B4-43DD-AA37-B8C03BDABF50}.Release|Any CPU.Build.0 = Release|Any CPU
	EndGlobalSection
	GlobalSection(SolutionProperties) = preSolution
		HideSolutionNode = FALSE
	EndGlobalSection
	GlobalSection(ExtensibilityGlobals) = postSolution
		SolutionGuid = {3E71AAEA-41D6-4529-86B7-4C49CBF82DCC}
	EndGlobalSection
EndGlobal
