
Microsoft Visual Studio Solution File, Format Version 12.00
# Visual Studio 15
VisualStudioVersion = 15.0.28307.438
MinimumVisualStudioVersion = 10.0.40219.1
Project("{FAE04EC0-301F-11D3-BF4B-00C04F79EFBC}") = "GenerichkoProgramiranje", "GenerichkoProgramiranje\GenerichkoProgramiranje.csproj", "{18752673-5076-4B3A-824B-E50EFFD7EAF7}"
EndProject
Global
	GlobalSection(SolutionConfigurationPlatforms) = preSolution
		Debug|Any CPU = Debug|Any CPU
		Release|Any CPU = Release|Any CPU
	EndGlobalSection
	GlobalSection(ProjectConfigurationPlatforms) = postSolution
		{18752673-5076-4B3A-824B-E50EFFD7EAF7}.Debug|Any CPU.ActiveCfg = Debug|Any CPU
		{18752673-5076-4B3A-824B-E50EFFD7EAF7}.Debug|Any CPU.Build.0 = Debug|Any CPU
		{18752673-5076-4B3A-824B-E50EFFD7EAF7}.Release|Any CPU.ActiveCfg = Release|Any CPU
		{18752673-5076-4B3A-824B-E50EFFD7EAF7}.Release|Any CPU.Build.0 = Release|Any CPU
	EndGlobalSection
	GlobalSection(SolutionProperties) = preSolution
		HideSolutionNode = FALSE
	EndGlobalSection
	GlobalSection(ExtensibilityGlobals) = postSolution
		SolutionGuid = {5EECA070-9904-4741-B583-B563E49A4877}
	EndGlobalSection
EndGlobal
