
Microsoft Visual Studio Solution File, Format Version 12.00
# Visual Studio 15
VisualStudioVersion = 15.0.28307.438
MinimumVisualStudioVersion = 10.0.40219.1
Project("{FAE04EC0-301F-11D3-BF4B-00C04F79EFBC}") = "Lab12", "Lab12\Lab12.csproj", "{53BA9E22-D771-488E-8821-353CFC6EDA01}"
EndProject
Global
	GlobalSection(SolutionConfigurationPlatforms) = preSolution
		Debug|Any CPU = Debug|Any CPU
		Release|Any CPU = Release|Any CPU
	EndGlobalSection
	GlobalSection(ProjectConfigurationPlatforms) = postSolution
		{53BA9E22-D771-488E-8821-353CFC6EDA01}.Debug|Any CPU.ActiveCfg = Debug|Any CPU
		{53BA9E22-D771-488E-8821-353CFC6EDA01}.Debug|Any CPU.Build.0 = Debug|Any CPU
		{53BA9E22-D771-488E-8821-353CFC6EDA01}.Release|Any CPU.ActiveCfg = Release|Any CPU
		{53BA9E22-D771-488E-8821-353CFC6EDA01}.Release|Any CPU.Build.0 = Release|Any CPU
	EndGlobalSection
	GlobalSection(SolutionProperties) = preSolution
		HideSolutionNode = FALSE
	EndGlobalSection
	GlobalSection(ExtensibilityGlobals) = postSolution
		SolutionGuid = {6E3F1890-8048-49E1-BAA6-EBA66C3D48D2}
	EndGlobalSection
EndGlobal
