
Microsoft Visual Studio Solution File, Format Version 12.00
# Visual Studio 15
VisualStudioVersion = 15.0.28307.438
MinimumVisualStudioVersion = 10.0.40219.1
Project("{FAE04EC0-301F-11D3-BF4B-00C04F79EFBC}") = "Pacman", "Pacman\Pacman.csproj", "{3110F636-00D9-4A41-83CB-5A82B009F4A6}"
EndProject
Global
	GlobalSection(SolutionConfigurationPlatforms) = preSolution
		Debug|Any CPU = Debug|Any CPU
		Release|Any CPU = Release|Any CPU
	EndGlobalSection
	GlobalSection(ProjectConfigurationPlatforms) = postSolution
		{3110F636-00D9-4A41-83CB-5A82B009F4A6}.Debug|Any CPU.ActiveCfg = Debug|Any CPU
		{3110F636-00D9-4A41-83CB-5A82B009F4A6}.Debug|Any CPU.Build.0 = Debug|Any CPU
		{3110F636-00D9-4A41-83CB-5A82B009F4A6}.Release|Any CPU.ActiveCfg = Release|Any CPU
		{3110F636-00D9-4A41-83CB-5A82B009F4A6}.Release|Any CPU.Build.0 = Release|Any CPU
	EndGlobalSection
	GlobalSection(SolutionProperties) = preSolution
		HideSolutionNode = FALSE
	EndGlobalSection
	GlobalSection(ExtensibilityGlobals) = postSolution
		SolutionGuid = {06D808FC-B800-4899-978F-6E1A81C26C5C}
	EndGlobalSection
EndGlobal
